
Microsoft Visual Studio Solution File, Format Version 12.00
# Visual Studio Version 17
VisualStudioVersion = 17.10.34916.146
MinimumVisualStudioVersion = 10.0.40219.1
Project("{FAE04EC0-301F-11D3-BF4B-00C04F79EFBC}") = "DrSwizzler", "DrSwizzler.csproj", "{E9F8C337-0AEA-4078-995B-D709CCAD5B99}"
EndProject
Global
	GlobalSection(SolutionConfigurationPlatforms) = preSolution
		Debug|Any CPU = Debug|Any CPU
		Release|Any CPU = Release|Any CPU
	EndGlobalSection
	GlobalSection(ProjectConfigurationPlatforms) = postSolution
		{E9F8C337-0AEA-4078-995B-D709CCAD5B99}.Debug|Any CPU.ActiveCfg = Debug|Any CPU
		{E9F8C337-0AEA-4078-995B-D709CCAD5B99}.Debug|Any CPU.Build.0 = Debug|Any CPU
		{E9F8C337-0AEA-4078-995B-D709CCAD5B99}.Release|Any CPU.ActiveCfg = Release|Any CPU
		{E9F8C337-0AEA-4078-995B-D709CCAD5B99}.Release|Any CPU.Build.0 = Release|Any CPU
	EndGlobalSection
	GlobalSection(SolutionProperties) = preSolution
		HideSolutionNode = FALSE
	EndGlobalSection
	GlobalSection(ExtensibilityGlobals) = postSolution
		SolutionGuid = {5CB349FD-A38D-43BE-A9B2-87922272EB2B}
	EndGlobalSection
EndGlobal
